// !$*UTF8*$!
{
	archiveVersion = 1;
	classes = {
	};
	objectVersion = 56;
	objects = {

/* Begin PBXBuildFile section */
		91C985E928CB4EF600086475 /* ReducerStateTestApp.swift in Sources */ = {isa = PBXBuildFile; fileRef = 91C985E828CB4EF600086475 /* ReducerStateTestApp.swift */; };
		91C985EB28CB4EF600086475 /* ContentView.swift in Sources */ = {isa = PBXBuildFile; fileRef = 91C985EA28CB4EF600086475 /* ContentView.swift */; };
		91C985ED28CB4EF800086475 /* Assets.xcassets in Resources */ = {isa = PBXBuildFile; fileRef = 91C985EC28CB4EF800086475 /* Assets.xcassets */; };
		91C985F028CB4EF800086475 /* Preview Assets.xcassets in Resources */ = {isa = PBXBuildFile; fileRef = 91C985EF28CB4EF800086475 /* Preview Assets.xcassets */; };
		91C985FA28CB4EF800086475 /* ReducerStateTestTests.swift in Sources */ = {isa = PBXBuildFile; fileRef = 91C985F928CB4EF800086475 /* ReducerStateTestTests.swift */; };
/* End PBXBuildFile section */

/* Begin PBXContainerItemProxy section */
		91C985F628CB4EF800086475 /* PBXContainerItemProxy */ = {
			isa = PBXContainerItemProxy;
			containerPortal = 91C985DD28CB4EF600086475 /* Project object */;
			proxyType = 1;
			remoteGlobalIDString = 91C985E428CB4EF600086475;
			remoteInfo = ReducerStateTest;
		};
/* End PBXContainerItemProxy section */

/* Begin PBXFileReference section */
		91C985E528CB4EF600086475 /* ReducerStateTest.app */ = {isa = PBXFileReference; explicitFileType = wrapper.application; includeInIndex = 0; path = ReducerStateTest.app; sourceTree = BUILT_PRODUCTS_DIR; };
		91C985E828CB4EF600086475 /* ReducerStateTestApp.swift */ = {isa = PBXFileReference; lastKnownFileType = sourcecode.swift; path = ReducerStateTestApp.swift; sourceTree = "<group>"; };
		91C985EA28CB4EF600086475 /* ContentView.swift */ = {isa = PBXFileReference; lastKnownFileType = sourcecode.swift; path = ContentView.swift; sourceTree = "<group>"; };
		91C985EC28CB4EF800086475 /* Assets.xcassets */ = {isa = PBXFileReference; lastKnownFileType = folder.assetcatalog; path = Assets.xcassets; sourceTree = "<group>"; };
		91C985EF28CB4EF800086475 /* Preview Assets.xcassets */ = {isa = PBXFileReference; lastKnownFileType = folder.assetcatalog; path = "Preview Assets.xcassets"; sourceTree = "<group>"; };
		91C985F528CB4EF800086475 /* ReducerStateTestTests.xctest */ = {isa = PBXFileReference; explicitFileType = wrapper.cfbundle; includeInIndex = 0; path = ReducerStateTestTests.xctest; sourceTree = BUILT_PRODUCTS_DIR; };
		91C985F928CB4EF800086475 /* ReducerStateTestTests.swift */ = {isa = PBXFileReference; lastKnownFileType = sourcecode.swift; path = ReducerStateTestTests.swift; sourceTree = "<group>"; };
/* End PBXFileReference section */

/* Begin PBXFrameworksBuildPhase section */
		91C985E228CB4EF600086475 /* Frameworks */ = {
			isa = PBXFrameworksBuildPhase;
			buildActionMask = 2147483647;
			files = (
			);
			runOnlyForDeploymentPostprocessing = 0;
		};
		91C985F228CB4EF800086475 /* Frameworks */ = {
			isa = PBXFrameworksBuildPhase;
			buildActionMask = 2147483647;
			files = (
			);
			runOnlyForDeploymentPostprocessing = 0;
		};
/* End PBXFrameworksBuildPhase section */

/* Begin PBXGroup section */
		91C985DC28CB4EF600086475 = {
			isa = PBXGroup;
			children = (
				91C985E728CB4EF600086475 /* ReducerStateTest */,
				91C985F828CB4EF800086475 /* ReducerStateTestTests */,
				91C985E628CB4EF600086475 /* Products */,
			);
			sourceTree = "<group>";
		};
		91C985E628CB4EF600086475 /* Products */ = {
			isa = PBXGroup;
			children = (
				91C985E528CB4EF600086475 /* ReducerStateTest.app */,
				91C985F528CB4EF800086475 /* ReducerStateTestTests.xctest */,
			);
			name = Products;
			sourceTree = "<group>";
		};
		91C985E728CB4EF600086475 /* ReducerStateTest */ = {
			isa = PBXGroup;
			children = (
				91C985E828CB4EF600086475 /* ReducerStateTestApp.swift */,
				91C985EA28CB4EF600086475 /* ContentView.swift */,
				91C985EC28CB4EF800086475 /* Assets.xcassets */,
				91C985EE28CB4EF800086475 /* Preview Content */,
			);
			path = ReducerStateTest;
			sourceTree = "<group>";
		};
		91C985EE28CB4EF800086475 /* Preview Content */ = {
			isa = PBXGroup;
			children = (
				91C985EF28CB4EF800086475 /* Preview Assets.xcassets */,
			);
			path = "Preview Content";
			sourceTree = "<group>";
		};
		91C985F828CB4EF800086475 /* ReducerStateTestTests */ = {
			isa = PBXGroup;
			children = (
				91C985F928CB4EF800086475 /* ReducerStateTestTests.swift */,
			);
			path = ReducerStateTestTests;
			sourceTree = "<group>";
		};
/* End PBXGroup section */

/* Begin PBXNativeTarget section */
		91C985E428CB4EF600086475 /* ReducerStateTest */ = {
			isa = PBXNativeTarget;
			buildConfigurationList = 91C9860928CB4EF800086475 /* Build configuration list for PBXNativeTarget "ReducerStateTest" */;
			buildPhases = (
				91C985E128CB4EF600086475 /* Sources */,
				91C985E228CB4EF600086475 /* Frameworks */,
				91C985E328CB4EF600086475 /* Resources */,
			);
			buildRules = (
			);
			dependencies = (
			);
			name = ReducerStateTest;
			productName = ReducerStateTest;
			productReference = 91C985E528CB4EF600086475 /* ReducerStateTest.app */;
			productType = "com.apple.product-type.application";
		};
		91C985F428CB4EF800086475 /* ReducerStateTestTests */ = {
			isa = PBXNativeTarget;
			buildConfigurationList = 91C9860C28CB4EF800086475 /* Build configuration list for PBXNativeTarget "ReducerStateTestTests" */;
			buildPhases = (
				91C985F128CB4EF800086475 /* Sources */,
				91C985F228CB4EF800086475 /* Frameworks */,
				91C985F328CB4EF800086475 /* Resources */,
			);
			buildRules = (
			);
			dependencies = (
				91C985F728CB4EF800086475 /* PBXTargetDependency */,
			);
			name = ReducerStateTestTests;
			productName = ReducerStateTestTests;
			productReference = 91C985F528CB4EF800086475 /* ReducerStateTestTests.xctest */;
			productType = "com.apple.product-type.bundle.unit-test";
		};
/* End PBXNativeTarget section */

/* Begin PBXProject section */
		91C985DD28CB4EF600086475 /* Project object */ = {
			isa = PBXProject;
			attributes = {
				BuildIndependentTargetsInParallel = 1;
				LastSwiftUpdateCheck = 1400;
				LastUpgradeCheck = 1400;
				TargetAttributes = {
					91C985E428CB4EF600086475 = {
						CreatedOnToolsVersion = 14.0;
					};
					91C985F428CB4EF800086475 = {
						CreatedOnToolsVersion = 14.0;
						TestTargetID = 91C985E428CB4EF600086475;
					};
				};
			};
			buildConfigurationList = 91C985E028CB4EF600086475 /* Build configuration list for PBXProject "ReducerStateTest" */;
			compatibilityVersion = "Xcode 14.0";
			developmentRegion = en;
			hasScannedForEncodings = 0;
			knownRegions = (
				en,
				Base,
			);
			mainGroup = 91C985DC28CB4EF600086475;
			productRefGroup = 91C985E628CB4EF600086475 /* Products */;
			projectDirPath = "";
			projectRoot = "";
			targets = (
				91C985E428CB4EF600086475 /* ReducerStateTest */,
				91C985F428CB4EF800086475 /* ReducerStateTestTests */,
			);
		};
/* End PBXProject section */

/* Begin PBXResourcesBuildPhase section */
		91C985E328CB4EF600086475 /* Resources */ = {
			isa = PBXResourcesBuildPhase;
			buildActionMask = 2147483647;
			files = (
				91C985F028CB4EF800086475 /* Preview Assets.xcassets in Resources */,
				91C985ED28CB4EF800086475 /* Assets.xcassets in Resources */,
			);
			runOnlyForDeploymentPostprocessing = 0;
		};
		91C985F328CB4EF800086475 /* Resources */ = {
			isa = PBXResourcesBuildPhase;
			buildActionMask = 2147483647;
			files = (
			);
			runOnlyForDeploymentPostprocessing = 0;
		};
/* End PBXResourcesBuildPhase section */

/* Begin PBXSourcesBuildPhase section */
		91C985E128CB4EF600086475 /* Sources */ = {
			isa = PBXSourcesBuildPhase;
			buildActionMask = 2147483647;
			files = (
				91C985EB28CB4EF600086475 /* ContentView.swift in Sources */,
				91C985E928CB4EF600086475 /* ReducerStateTestApp.swift in Sources */,
			);
			runOnlyForDeploymentPostprocessing = 0;
		};
		91C985F128CB4EF800086475 /* Sources */ = {
			isa = PBXSourcesBuildPhase;
			buildActionMask = 2147483647;
			files = (
				91C985FA28CB4EF800086475 /* ReducerStateTestTests.swift in Sources */,
			);
			runOnlyForDeploymentPostprocessing = 0;
		};
/* End PBXSourcesBuildPhase section */

/* Begin PBXTargetDependency section */
		91C985F728CB4EF800086475 /* PBXTargetDependency */ = {
			isa = PBXTargetDependency;
			target = 91C985E428CB4EF600086475 /* ReducerStateTest */;
			targetProxy = 91C985F628CB4EF800086475 /* PBXContainerItemProxy */;
		};
/* End PBXTargetDependency section */

/* Begin XCBuildConfiguration section */
		91C9860728CB4EF800086475 /* Debug */ = {
			isa = XCBuildConfiguration;
			buildSettings = {
				ALWAYS_SEARCH_USER_PATHS = NO;
				CLANG_ANALYZER_NONNULL = YES;
				CLANG_ANALYZER_NUMBER_OBJECT_CONVERSION = YES_AGGRESSIVE;
				CLANG_CXX_LANGUAGE_STANDARD = "gnu++20";
				CLANG_ENABLE_MODULES = YES;
				CLANG_ENABLE_OBJC_ARC = YES;
				CLANG_ENABLE_OBJC_WEAK = YES;
				CLANG_WARN_BLOCK_CAPTURE_AUTORELEASING = YES;
				CLANG_WARN_BOOL_CONVERSION = YES;
				CLANG_WARN_COMMA = YES;
				CLANG_WARN_CONSTANT_CONVERSION = YES;
				CLANG_WARN_DEPRECATED_OBJC_IMPLEMENTATIONS = YES;
				CLANG_WARN_DIRECT_OBJC_ISA_USAGE = YES_ERROR;
				CLANG_WARN_DOCUMENTATION_COMMENTS = YES;
				CLANG_WARN_EMPTY_BODY = YES;
				CLANG_WARN_ENUM_CONVERSION = YES;
				CLANG_WARN_INFINITE_RECURSION = YES;
				CLANG_WARN_INT_CONVERSION = YES;
				CLANG_WARN_NON_LITERAL_NULL_CONVERSION = YES;
				CLANG_WARN_OBJC_IMPLICIT_RETAIN_SELF = YES;
				CLANG_WARN_OBJC_LITERAL_CONVERSION = YES;
				CLANG_WARN_OBJC_ROOT_CLASS = YES_ERROR;
				CLANG_WARN_QUOTED_INCLUDE_IN_FRAMEWORK_HEADER = YES;
				CLANG_WARN_RANGE_LOOP_ANALYSIS = YES;
				CLANG_WARN_STRICT_PROTOTYPES = YES;
				CLANG_WARN_SUSPICIOUS_MOVE = YES;
				CLANG_WARN_UNGUARDED_AVAILABILITY = YES_AGGRESSIVE;
				CLANG_WARN_UNREACHABLE_CODE = YES;
				CLANG_WARN__DUPLICATE_METHOD_MATCH = YES;
				COPY_PHASE_STRIP = NO;
				DEBUG_INFORMATION_FORMAT = dwarf;
				ENABLE_STRICT_OBJC_MSGSEND = YES;
				ENABLE_TESTABILITY = YES;
				GCC_C_LANGUAGE_STANDARD = gnu11;
				GCC_DYNAMIC_NO_PIC = NO;
				GCC_NO_COMMON_BLOCKS = YES;
				GCC_OPTIMIZATION_LEVEL = 0;
				GCC_PREPROCESSOR_DEFINITIONS = (
					"DEBUG=1",
					"$(inherited)",
				);
				GCC_WARN_64_TO_32_BIT_CONVERSION = YES;
				GCC_WARN_ABOUT_RETURN_TYPE = YES_ERROR;
				GCC_WARN_UNDECLARED_SELECTOR = YES;
				GCC_WARN_UNINITIALIZED_AUTOS = YES_AGGRESSIVE;
				GCC_WARN_UNUSED_FUNCTION = YES;
				GCC_WARN_UNUSED_VARIABLE = YES;
				IPHONEOS_DEPLOYMENT_TARGET = 16.0;
				MTL_ENABLE_DEBUG_INFO = INCLUDE_SOURCE;
				MTL_FAST_MATH = YES;
				ONLY_ACTIVE_ARCH = YES;
				SDKROOT = iphoneos;
				SWIFT_ACTIVE_COMPILATION_CONDITIONS = DEBUG;
				SWIFT_OPTIMIZATION_LEVEL = "-Onone";
			};
			name = Debug;
		};
		91C9860828CB4EF800086475 /* Release */ = {
			isa = XCBuildConfiguration;
			buildSettings = {
				ALWAYS_SEARCH_USER_PATHS = NO;
				CLANG_ANALYZER_NONNULL = YES;
				CLANG_ANALYZER_NUMBER_OBJECT_CONVERSION = YES_AGGRESSIVE;
				CLANG_CXX_LANGUAGE_STANDARD = "gnu++20";
				CLANG_ENABLE_MODULES = YES;
				CLANG_ENABLE_OBJC_ARC = YES;
				CLANG_ENABLE_OBJC_WEAK = YES;
				CLANG_WARN_BLOCK_CAPTURE_AUTORELEASING = YES;
				CLANG_WARN_BOOL_CONVERSION = YES;
				CLANG_WARN_COMMA = YES;
				CLANG_WARN_CONSTANT_CONVERSION = YES;
				CLANG_WARN_DEPRECATED_OBJC_IMPLEMENTATIONS = YES;
				CLANG_WARN_DIRECT_OBJC_ISA_USAGE = YES_ERROR;
				CLANG_WARN_DOCUMENTATION_COMMENTS = YES;
				CLANG_WARN_EMPTY_BODY = YES;
				CLANG_WARN_ENUM_CONVERSION = YES;
				CLANG_WARN_INFINITE_RECURSION = YES;
				CLANG_WARN_INT_CONVERSION = YES;
				CLANG_WARN_NON_LITERAL_NULL_CONVERSION = YES;
				CLANG_WARN_OBJC_IMPLICIT_RETAIN_SELF = YES;
				CLANG_WARN_OBJC_LITERAL_CONVERSION = YES;
				CLANG_WARN_OBJC_ROOT_CLASS = YES_ERROR;
				CLANG_WARN_QUOTED_INCLUDE_IN_FRAMEWORK_HEADER = YES;
				CLANG_WARN_RANGE_LOOP_ANALYSIS = YES;
				CLANG_WARN_STRICT_PROTOTYPES = YES;
				CLANG_WARN_SUSPICIOUS_MOVE = YES;
				CLANG_WARN_UNGUARDED_AVAILABILITY = YES_AGGRESSIVE;
				CLANG_WARN_UNREACHABLE_CODE = YES;
				CLANG_WARN__DUPLICATE_METHOD_MATCH = YES;
				COPY_PHASE_STRIP = NO;
				DEBUG_INFORMATION_FORMAT = "dwarf-with-dsym";
				ENABLE_NS_ASSERTIONS = NO;
				ENABLE_STRICT_OBJC_MSGSEND = YES;
				GCC_C_LANGUAGE_STANDARD = gnu11;
				GCC_NO_COMMON_BLOCKS = YES;
				GCC_WARN_64_TO_32_BIT_CONVERSION = YES;
				GCC_WARN_ABOUT_RETURN_TYPE = YES_ERROR;
				GCC_WARN_UNDECLARED_SELECTOR = YES;
				GCC_WARN_UNINITIALIZED_AUTOS = YES_AGGRESSIVE;
				GCC_WARN_UNUSED_FUNCTION = YES;
				GCC_WARN_UNUSED_VARIABLE = YES;
				IPHONEOS_DEPLOYMENT_TARGET = 16.0;
				MTL_ENABLE_DEBUG_INFO = NO;
				MTL_FAST_MATH = YES;
				SDKROOT = iphoneos;
				SWIFT_COMPILATION_MODE = wholemodule;
				SWIFT_OPTIMIZATION_LEVEL = "-O";
				VALIDATE_PRODUCT = YES;
			};
			name = Release;
		};
		91C9860A28CB4EF800086475 /* Debug */ = {
			isa = XCBuildConfiguration;
			buildSettings = {
				ASSETCATALOG_COMPILER_APPICON_NAME = AppIcon;
				ASSETCATALOG_COMPILER_GLOBAL_ACCENT_COLOR_NAME = AccentColor;
				CODE_SIGN_STYLE = Automatic;
				CURRENT_PROJECT_VERSION = 1;
				DEVELOPMENT_ASSET_PATHS = "\"ReducerStateTest/Preview Content\"";
				DEVELOPMENT_TEAM = 8JN5D95GMQ;
				ENABLE_PREVIEWS = YES;
				GENERATE_INFOPLIST_FILE = YES;
				INFOPLIST_KEY_UIApplicationSceneManifest_Generation = YES;
				INFOPLIST_KEY_UIApplicationSupportsIndirectInputEvents = YES;
				INFOPLIST_KEY_UILaunchScreen_Generation = YES;
				INFOPLIST_KEY_UISupportedInterfaceOrientations_iPad = "UIInterfaceOrientationPortrait UIInterfaceOrientationPortraitUpsideDown UIInterfaceOrientationLandscapeLeft UIInterfaceOrientationLandscapeRight";
				INFOPLIST_KEY_UISupportedInterfaceOrientations_iPhone = "UIInterfaceOrientationPortrait UIInterfaceOrientationLandscapeLeft UIInterfaceOrientationLandscapeRight";
				LD_RUNPATH_SEARCH_PATHS = (
					"$(inherited)",
					"@executable_path/Frameworks",
				);
				MARKETING_VERSION = 1.0;
				PRODUCT_BUNDLE_IDENTIFIER = co.rhysmorgan.ReducerStateTest;
				PRODUCT_NAME = "$(TARGET_NAME)";
				SWIFT_EMIT_LOC_STRINGS = YES;
				SWIFT_VERSION = 5.0;
				TARGETED_DEVICE_FAMILY = "1,2";
			};
			name = Debug;
		};
		91C9860B28CB4EF800086475 /* Release */ = {
			isa = XCBuildConfiguration;
			buildSettings = {
				ASSETCATALOG_COMPILER_APPICON_NAME = AppIcon;
				ASSETCATALOG_COMPILER_GLOBAL_ACCENT_COLOR_NAME = AccentColor;
				CODE_SIGN_STYLE = Automatic;
				CURRENT_PROJECT_VERSION = 1;
				DEVELOPMENT_ASSET_PATHS = "\"ReducerStateTest/Preview Content\"";
				DEVELOPMENT_TEAM = 8JN5D95GMQ;
				ENABLE_PREVIEWS = YES;
				GENERATE_INFOPLIST_FILE = YES;
				INFOPLIST_KEY_UIApplicationSceneManifest_Generation = YES;
				INFOPLIST_KEY_UIApplicationSupportsIndirectInputEvents = YES;
				INFOPLIST_KEY_UILaunchScreen_Generation = YES;
				INFOPLIST_KEY_UISupportedInterfaceOrientations_iPad = "UIInterfaceOrientationPortrait UIInterfaceOrientationPortraitUpsideDown UIInterfaceOrientationLandscapeLeft UIInterfaceOrientationLandscapeRight";
				INFOPLIST_KEY_UISupportedInterfaceOrientations_iPhone = "UIInterfaceOrientationPortrait UIInterfaceOrientationLandscapeLeft UIInterfaceOrientationLandscapeRight";
				LD_RUNPATH_SEARCH_PATHS = (
					"$(inherited)",
					"@executable_path/Frameworks",
				);
				MARKETING_VERSION = 1.0;
				PRODUCT_BUNDLE_IDENTIFIER = co.rhysmorgan.ReducerStateTest;
				PRODUCT_NAME = "$(TARGET_NAME)";
				SWIFT_EMIT_LOC_STRINGS = YES;
				SWIFT_VERSION = 5.0;
				TARGETED_DEVICE_FAMILY = "1,2";
			};
			name = Release;
		};
		91C9860D28CB4EF800086475 /* Debug */ = {
			isa = XCBuildConfiguration;
			buildSettings = {
				ALWAYS_EMBED_SWIFT_STANDARD_LIBRARIES = YES;
				BUNDLE_LOADER = "$(TEST_HOST)";
				CODE_SIGN_STYLE = Automatic;
				CURRENT_PROJECT_VERSION = 1;
				DEVELOPMENT_TEAM = 8JN5D95GMQ;
				GENERATE_INFOPLIST_FILE = YES;
				IPHONEOS_DEPLOYMENT_TARGET = 16.0;
				MARKETING_VERSION = 1.0;
				PRODUCT_BUNDLE_IDENTIFIER = co.rhysmorgan.ReducerStateTestTests;
				PRODUCT_NAME = "$(TARGET_NAME)";
				SWIFT_EMIT_LOC_STRINGS = NO;
				SWIFT_VERSION = 5.0;
				TARGETED_DEVICE_FAMILY = "1,2";
				TEST_HOST = "$(BUILT_PRODUCTS_DIR)/ReducerStateTest.app/$(BUNDLE_EXECUTABLE_FOLDER_PATH)/ReducerStateTest";
			};
			name = Debug;
		};
		91C9860E28CB4EF800086475 /* Release */ = {
			isa = XCBuildConfiguration;
			buildSettings = {
				ALWAYS_EMBED_SWIFT_STANDARD_LIBRARIES = YES;
				BUNDLE_LOADER = "$(TEST_HOST)";
				CODE_SIGN_STYLE = Automatic;
				CURRENT_PROJECT_VERSION = 1;
				DEVELOPMENT_TEAM = 8JN5D95GMQ;
				GENERATE_INFOPLIST_FILE = YES;
				IPHONEOS_DEPLOYMENT_TARGET = 16.0;
				MARKETING_VERSION = 1.0;
				PRODUCT_BUNDLE_IDENTIFIER = co.rhysmorgan.ReducerStateTestTests;
				PRODUCT_NAME = "$(TARGET_NAME)";
				SWIFT_EMIT_LOC_STRINGS = NO;
				SWIFT_VERSION = 5.0;
				TARGETED_DEVICE_FAMILY = "1,2";
				TEST_HOST = "$(BUILT_PRODUCTS_DIR)/ReducerStateTest.app/$(BUNDLE_EXECUTABLE_FOLDER_PATH)/ReducerStateTest";
			};
			name = Release;
		};
/* End XCBuildConfiguration section */

/* Begin XCConfigurationList section */
		91C985E028CB4EF600086475 /* Build configuration list for PBXProject "ReducerStateTest" */ = {
			isa = XCConfigurationList;
			buildConfigurations = (
				91C9860728CB4EF800086475 /* Debug */,
				91C9860828CB4EF800086475 /* Release */,
			);
			defaultConfigurationIsVisible = 0;
			defaultConfigurationName = Release;
		};
		91C9860928CB4EF800086475 /* Build configuration list for PBXNativeTarget "ReducerStateTest" */ = {
			isa = XCConfigurationList;
			buildConfigurations = (
				91C9860A28CB4EF800086475 /* Debug */,
				91C9860B28CB4EF800086475 /* Release */,
			);
			defaultConfigurationIsVisible = 0;
			defaultConfigurationName = Release;
		};
		91C9860C28CB4EF800086475 /* Build configuration list for PBXNativeTarget "ReducerStateTestTests" */ = {
			isa = XCConfigurationList;
			buildConfigurations = (
				91C9860D28CB4EF800086475 /* Debug */,
				91C9860E28CB4EF800086475 /* Release */,
			);
			defaultConfigurationIsVisible = 0;
			defaultConfigurationName = Release;
		};
/* End XCConfigurationList section */
	};
	rootObject = 91C985DD28CB4EF600086475 /* Project object */;
}
